// !$*UTF8*$!
{
	archiveVersion = 1;
	classes = {
	};
	objectVersion = 56;
	objects = {

/* Begin PBXBuildFile section */
		56DA7AF82AEB358700E94F50 /* RetirmentApp.swift in Sources */ = {isa = PBXBuildFile; fileRef = 56DA7AF72AEB358700E94F50 /* RetirmentApp.swift */; };
		56DA7AFA2AEB358700E94F50 /* ContentView.swift in Sources */ = {isa = PBXBuildFile; fileRef = 56DA7AF92AEB358700E94F50 /* ContentView.swift */; };
		56DA7AFC2AEB358800E94F50 /* Assets.xcassets in Resources */ = {isa = PBXBuildFile; fileRef = 56DA7AFB2AEB358800E94F50 /* Assets.xcassets */; };
		56DA7AFF2AEB358800E94F50 /* Preview Assets.xcassets in Resources */ = {isa = PBXBuildFile; fileRef = 56DA7AFE2AEB358800E94F50 /* Preview Assets.xcassets */; };
		56DA7B092AEB358800E94F50 /* RetirmentTests.swift in Sources */ = {isa = PBXBuildFile; fileRef = 56DA7B082AEB358800E94F50 /* RetirmentTests.swift */; };
		56DA7B132AEB358800E94F50 /* RetirmentUITests.swift in Sources */ = {isa = PBXBuildFile; fileRef = 56DA7B122AEB358800E94F50 /* RetirmentUITests.swift */; };
		56DA7B152AEB358800E94F50 /* RetirmentUITestsLaunchTests.swift in Sources */ = {isa = PBXBuildFile; fileRef = 56DA7B142AEB358800E94F50 /* RetirmentUITestsLaunchTests.swift */; };
		56DA7B222AEB3DDD00E94F50 /* AppDelegate.swift in Sources */ = {isa = PBXBuildFile; fileRef = 56DA7B212AEB3DDD00E94F50 /* AppDelegate.swift */; };
		69C8EEEA59FA0995BE1BDB21 /* Pods_Retirment_RetirmentUITests.framework in Frameworks */ = {isa = PBXBuildFile; fileRef = DA2B7145185838958ABC6054 /* Pods_Retirment_RetirmentUITests.framework */; };
		710E54828FABECEF5532918A /* Pods_Retirment.framework in Frameworks */ = {isa = PBXBuildFile; fileRef = 24746A3FB066BB3F216D50BB /* Pods_Retirment.framework */; };
		8EE789F9665C3FFF8CBBA83E /* Pods_RetirmentTests.framework in Frameworks */ = {isa = PBXBuildFile; fileRef = 275512D1989BB70622001EEC /* Pods_RetirmentTests.framework */; };
/* End PBXBuildFile section */

/* Begin PBXContainerItemProxy section */
		56DA7B052AEB358800E94F50 /* PBXContainerItemProxy */ = {
			isa = PBXContainerItemProxy;
			containerPortal = 56DA7AEC2AEB358700E94F50 /* Project object */;
			proxyType = 1;
			remoteGlobalIDString = 56DA7AF32AEB358700E94F50;
			remoteInfo = Retirment;
		};
		56DA7B0F2AEB358800E94F50 /* PBXContainerItemProxy */ = {
			isa = PBXContainerItemProxy;
			containerPortal = 56DA7AEC2AEB358700E94F50 /* Project object */;
			proxyType = 1;
			remoteGlobalIDString = 56DA7AF32AEB358700E94F50;
			remoteInfo = Retirment;
		};
/* End PBXContainerItemProxy section */

/* Begin PBXFileReference section */
		24746A3FB066BB3F216D50BB /* Pods_Retirment.framework */ = {isa = PBXFileReference; explicitFileType = wrapper.framework; includeInIndex = 0; path = Pods_Retirment.framework; sourceTree = BUILT_PRODUCTS_DIR; };
		271ED542663B24E61BBE8A16 /* Pods-Retirment.debug.xcconfig */ = {isa = PBXFileReference; includeInIndex = 1; lastKnownFileType = text.xcconfig; name = "Pods-Retirment.debug.xcconfig"; path = "Target Support Files/Pods-Retirment/Pods-Retirment.debug.xcconfig"; sourceTree = "<group>"; };
		275512D1989BB70622001EEC /* Pods_RetirmentTests.framework */ = {isa = PBXFileReference; explicitFileType = wrapper.framework; includeInIndex = 0; path = Pods_RetirmentTests.framework; sourceTree = BUILT_PRODUCTS_DIR; };
		4F808C3610FB590432CA153C /* Pods-RetirmentTests.debug.xcconfig */ = {isa = PBXFileReference; includeInIndex = 1; lastKnownFileType = text.xcconfig; name = "Pods-RetirmentTests.debug.xcconfig"; path = "Target Support Files/Pods-RetirmentTests/Pods-RetirmentTests.debug.xcconfig"; sourceTree = "<group>"; };
		56DA7AF42AEB358700E94F50 /* Retirment.app */ = {isa = PBXFileReference; explicitFileType = wrapper.application; includeInIndex = 0; path = Retirment.app; sourceTree = BUILT_PRODUCTS_DIR; };
		56DA7AF72AEB358700E94F50 /* RetirmentApp.swift */ = {isa = PBXFileReference; lastKnownFileType = sourcecode.swift; path = RetirmentApp.swift; sourceTree = "<group>"; };
		56DA7AF92AEB358700E94F50 /* ContentView.swift */ = {isa = PBXFileReference; lastKnownFileType = sourcecode.swift; path = ContentView.swift; sourceTree = "<group>"; };
		56DA7AFB2AEB358800E94F50 /* Assets.xcassets */ = {isa = PBXFileReference; lastKnownFileType = folder.assetcatalog; path = Assets.xcassets; sourceTree = "<group>"; };
		56DA7AFE2AEB358800E94F50 /* Preview Assets.xcassets */ = {isa = PBXFileReference; lastKnownFileType = folder.assetcatalog; path = "Preview Assets.xcassets"; sourceTree = "<group>"; };
		56DA7B042AEB358800E94F50 /* RetirmentTests.xctest */ = {isa = PBXFileReference; explicitFileType = wrapper.cfbundle; includeInIndex = 0; path = RetirmentTests.xctest; sourceTree = BUILT_PRODUCTS_DIR; };
		56DA7B082AEB358800E94F50 /* RetirmentTests.swift */ = {isa = PBXFileReference; lastKnownFileType = sourcecode.swift; path = RetirmentTests.swift; sourceTree = "<group>"; };
		56DA7B0E2AEB358800E94F50 /* RetirmentUITests.xctest */ = {isa = PBXFileReference; explicitFileType = wrapper.cfbundle; includeInIndex = 0; path = RetirmentUITests.xctest; sourceTree = BUILT_PRODUCTS_DIR; };
		56DA7B122AEB358800E94F50 /* RetirmentUITests.swift */ = {isa = PBXFileReference; lastKnownFileType = sourcecode.swift; path = RetirmentUITests.swift; sourceTree = "<group>"; };
		56DA7B142AEB358800E94F50 /* RetirmentUITestsLaunchTests.swift */ = {isa = PBXFileReference; lastKnownFileType = sourcecode.swift; path = RetirmentUITestsLaunchTests.swift; sourceTree = "<group>"; };
		56DA7B212AEB3DDD00E94F50 /* AppDelegate.swift */ = {isa = PBXFileReference; lastKnownFileType = sourcecode.swift; path = AppDelegate.swift; sourceTree = "<group>"; };
		6C88570E49A7C67C1C95ABE8 /* Pods-Retirment-RetirmentUITests.release.xcconfig */ = {isa = PBXFileReference; includeInIndex = 1; lastKnownFileType = text.xcconfig; name = "Pods-Retirment-RetirmentUITests.release.xcconfig"; path = "Target Support Files/Pods-Retirment-RetirmentUITests/Pods-Retirment-RetirmentUITests.release.xcconfig"; sourceTree = "<group>"; };
		B9B4FBFBFA8B004E8730BBF0 /* Pods-RetirmentTests.release.xcconfig */ = {isa = PBXFileReference; includeInIndex = 1; lastKnownFileType = text.xcconfig; name = "Pods-RetirmentTests.release.xcconfig"; path = "Target Support Files/Pods-RetirmentTests/Pods-RetirmentTests.release.xcconfig"; sourceTree = "<group>"; };
		DA2B7145185838958ABC6054 /* Pods_Retirment_RetirmentUITests.framework */ = {isa = PBXFileReference; explicitFileType = wrapper.framework; includeInIndex = 0; path = Pods_Retirment_RetirmentUITests.framework; sourceTree = BUILT_PRODUCTS_DIR; };
		DFB2819FC9DBCE72F4658FD8 /* Pods-Retirment-RetirmentUITests.debug.xcconfig */ = {isa = PBXFileReference; includeInIndex = 1; lastKnownFileType = text.xcconfig; name = "Pods-Retirment-RetirmentUITests.debug.xcconfig"; path = "Target Support Files/Pods-Retirment-RetirmentUITests/Pods-Retirment-RetirmentUITests.debug.xcconfig"; sourceTree = "<group>"; };
		F80FB27E9EB42C1EAC6741BD /* Pods-Retirment.release.xcconfig */ = {isa = PBXFileReference; includeInIndex = 1; lastKnownFileType = text.xcconfig; name = "Pods-Retirment.release.xcconfig"; path = "Target Support Files/Pods-Retirment/Pods-Retirment.release.xcconfig"; sourceTree = "<group>"; };
/* End PBXFileReference section */

/* Begin PBXFrameworksBuildPhase section */
		56DA7AF12AEB358700E94F50 /* Frameworks */ = {
			isa = PBXFrameworksBuildPhase;
			buildActionMask = 2147483647;
			files = (
				710E54828FABECEF5532918A /* Pods_Retirment.framework in Frameworks */,
			);
			runOnlyForDeploymentPostprocessing = 0;
		};
		56DA7B012AEB358800E94F50 /* Frameworks */ = {
			isa = PBXFrameworksBuildPhase;
			buildActionMask = 2147483647;
			files = (
				8EE789F9665C3FFF8CBBA83E /* Pods_RetirmentTests.framework in Frameworks */,
			);
			runOnlyForDeploymentPostprocessing = 0;
		};
		56DA7B0B2AEB358800E94F50 /* Frameworks */ = {
			isa = PBXFrameworksBuildPhase;
			buildActionMask = 2147483647;
			files = (
				69C8EEEA59FA0995BE1BDB21 /* Pods_Retirment_RetirmentUITests.framework in Frameworks */,
			);
			runOnlyForDeploymentPostprocessing = 0;
		};
/* End PBXFrameworksBuildPhase section */

/* Begin PBXGroup section */
		437FC8EC4360FFFAE2AC66CC /* Pods */ = {
			isa = PBXGroup;
			children = (
				271ED542663B24E61BBE8A16 /* Pods-Retirment.debug.xcconfig */,
				F80FB27E9EB42C1EAC6741BD /* Pods-Retirment.release.xcconfig */,
				DFB2819FC9DBCE72F4658FD8 /* Pods-Retirment-RetirmentUITests.debug.xcconfig */,
				6C88570E49A7C67C1C95ABE8 /* Pods-Retirment-RetirmentUITests.release.xcconfig */,
				4F808C3610FB590432CA153C /* Pods-RetirmentTests.debug.xcconfig */,
				B9B4FBFBFA8B004E8730BBF0 /* Pods-RetirmentTests.release.xcconfig */,
			);
			path = Pods;
			sourceTree = "<group>";
		};
		56DA7AEB2AEB358700E94F50 = {
			isa = PBXGroup;
			children = (
				56DA7AF62AEB358700E94F50 /* Retirment */,
				56DA7B072AEB358800E94F50 /* RetirmentTests */,
				56DA7B112AEB358800E94F50 /* RetirmentUITests */,
				56DA7AF52AEB358700E94F50 /* Products */,
				437FC8EC4360FFFAE2AC66CC /* Pods */,
				91B5E5E0C280F778CE5598B9 /* Frameworks */,
			);
			sourceTree = "<group>";
		};
		56DA7AF52AEB358700E94F50 /* Products */ = {
			isa = PBXGroup;
			children = (
				56DA7AF42AEB358700E94F50 /* Retirment.app */,
				56DA7B042AEB358800E94F50 /* RetirmentTests.xctest */,
				56DA7B0E2AEB358800E94F50 /* RetirmentUITests.xctest */,
			);
			name = Products;
			sourceTree = "<group>";
		};
		56DA7AF62AEB358700E94F50 /* Retirment */ = {
			isa = PBXGroup;
			children = (
				56DA7B212AEB3DDD00E94F50 /* AppDelegate.swift */,
				56DA7AF72AEB358700E94F50 /* RetirmentApp.swift */,
				56DA7AF92AEB358700E94F50 /* ContentView.swift */,
				56DA7AFB2AEB358800E94F50 /* Assets.xcassets */,
				56DA7AFD2AEB358800E94F50 /* Preview Content */,
			);
			path = Retirment;
			sourceTree = "<group>";
		};
		56DA7AFD2AEB358800E94F50 /* Preview Content */ = {
			isa = PBXGroup;
			children = (
				56DA7AFE2AEB358800E94F50 /* Preview Assets.xcassets */,
			);
			path = "Preview Content";
			sourceTree = "<group>";
		};
		56DA7B072AEB358800E94F50 /* RetirmentTests */ = {
			isa = PBXGroup;
			children = (
				56DA7B082AEB358800E94F50 /* RetirmentTests.swift */,
			);
			path = RetirmentTests;
			sourceTree = "<group>";
		};
		56DA7B112AEB358800E94F50 /* RetirmentUITests */ = {
			isa = PBXGroup;
			children = (
				56DA7B122AEB358800E94F50 /* RetirmentUITests.swift */,
				56DA7B142AEB358800E94F50 /* RetirmentUITestsLaunchTests.swift */,
			);
			path = RetirmentUITests;
			sourceTree = "<group>";
		};
		91B5E5E0C280F778CE5598B9 /* Frameworks */ = {
			isa = PBXGroup;
			children = (
				24746A3FB066BB3F216D50BB /* Pods_Retirment.framework */,
				DA2B7145185838958ABC6054 /* Pods_Retirment_RetirmentUITests.framework */,
				275512D1989BB70622001EEC /* Pods_RetirmentTests.framework */,
			);
			name = Frameworks;
			sourceTree = "<group>";
		};
/* End PBXGroup section */

/* Begin PBXNativeTarget section */
		56DA7AF32AEB358700E94F50 /* Retirment */ = {
			isa = PBXNativeTarget;
			buildConfigurationList = 56DA7B182AEB358800E94F50 /* Build configuration list for PBXNativeTarget "Retirment" */;
			buildPhases = (
				B3D37B47317ED6410202495B /* [CP] Check Pods Manifest.lock */,
				56DA7AF02AEB358700E94F50 /* Sources */,
				56DA7AF12AEB358700E94F50 /* Frameworks */,
				56DA7AF22AEB358700E94F50 /* Resources */,
			);
			buildRules = (
			);
			dependencies = (
			);
			name = Retirment;
			productName = Retirment;
			productReference = 56DA7AF42AEB358700E94F50 /* Retirment.app */;
			productType = "com.apple.product-type.application";
		};
		56DA7B032AEB358800E94F50 /* RetirmentTests */ = {
			isa = PBXNativeTarget;
			buildConfigurationList = 56DA7B1B2AEB358800E94F50 /* Build configuration list for PBXNativeTarget "RetirmentTests" */;
			buildPhases = (
				F9E618AF11A4F3FE3C56FD33 /* [CP] Check Pods Manifest.lock */,
				56DA7B002AEB358800E94F50 /* Sources */,
				56DA7B012AEB358800E94F50 /* Frameworks */,
				56DA7B022AEB358800E94F50 /* Resources */,
			);
			buildRules = (
			);
			dependencies = (
				56DA7B062AEB358800E94F50 /* PBXTargetDependency */,
			);
			name = RetirmentTests;
			productName = RetirmentTests;
			productReference = 56DA7B042AEB358800E94F50 /* RetirmentTests.xctest */;
			productType = "com.apple.product-type.bundle.unit-test";
		};
		56DA7B0D2AEB358800E94F50 /* RetirmentUITests */ = {
			isa = PBXNativeTarget;
			buildConfigurationList = 56DA7B1E2AEB358800E94F50 /* Build configuration list for PBXNativeTarget "RetirmentUITests" */;
			buildPhases = (
				1DDFB2B69A245BBE69528206 /* [CP] Check Pods Manifest.lock */,
				56DA7B0A2AEB358800E94F50 /* Sources */,
				56DA7B0B2AEB358800E94F50 /* Frameworks */,
				56DA7B0C2AEB358800E94F50 /* Resources */,
			);
			buildRules = (
			);
			dependencies = (
				56DA7B102AEB358800E94F50 /* PBXTargetDependency */,
			);
			name = RetirmentUITests;
			productName = RetirmentUITests;
			productReference = 56DA7B0E2AEB358800E94F50 /* RetirmentUITests.xctest */;
			productType = "com.apple.product-type.bundle.ui-testing";
		};
/* End PBXNativeTarget section */

/* Begin PBXProject section */
		56DA7AEC2AEB358700E94F50 /* Project object */ = {
			isa = PBXProject;
			attributes = {
				BuildIndependentTargetsInParallel = 1;
				LastSwiftUpdateCheck = 1500;
				LastUpgradeCheck = 1500;
				TargetAttributes = {
					56DA7AF32AEB358700E94F50 = {
						CreatedOnToolsVersion = 15.0;
					};
					56DA7B032AEB358800E94F50 = {
						CreatedOnToolsVersion = 15.0;
						TestTargetID = 56DA7AF32AEB358700E94F50;
					};
					56DA7B0D2AEB358800E94F50 = {
						CreatedOnToolsVersion = 15.0;
						TestTargetID = 56DA7AF32AEB358700E94F50;
					};
				};
			};
			buildConfigurationList = 56DA7AEF2AEB358700E94F50 /* Build configuration list for PBXProject "Retirment" */;
			compatibilityVersion = "Xcode 14.0";
			developmentRegion = en;
			hasScannedForEncodings = 0;
			knownRegions = (
				en,
				Base,
			);
			mainGroup = 56DA7AEB2AEB358700E94F50;
			productRefGroup = 56DA7AF52AEB358700E94F50 /* Products */;
			projectDirPath = "";
			projectRoot = "";
			targets = (
				56DA7AF32AEB358700E94F50 /* Retirment */,
				56DA7B032AEB358800E94F50 /* RetirmentTests */,
				56DA7B0D2AEB358800E94F50 /* RetirmentUITests */,
			);
		};
/* End PBXProject section */

/* Begin PBXResourcesBuildPhase section */
		56DA7AF22AEB358700E94F50 /* Resources */ = {
			isa = PBXResourcesBuildPhase;
			buildActionMask = 2147483647;
			files = (
				56DA7AFF2AEB358800E94F50 /* Preview Assets.xcassets in Resources */,
				56DA7AFC2AEB358800E94F50 /* Assets.xcassets in Resources */,
			);
			runOnlyForDeploymentPostprocessing = 0;
		};
		56DA7B022AEB358800E94F50 /* Resources */ = {
			isa = PBXResourcesBuildPhase;
			buildActionMask = 2147483647;
			files = (
			);
			runOnlyForDeploymentPostprocessing = 0;
		};
		56DA7B0C2AEB358800E94F50 /* Resources */ = {
			isa = PBXResourcesBuildPhase;
			buildActionMask = 2147483647;
			files = (
			);
			runOnlyForDeploymentPostprocessing = 0;
		};
/* End PBXResourcesBuildPhase section */

/* Begin PBXShellScriptBuildPhase section */
		1DDFB2B69A245BBE69528206 /* [CP] Check Pods Manifest.lock */ = {
			isa = PBXShellScriptBuildPhase;
			buildActionMask = 2147483647;
			files = (
			);
			inputFileListPaths = (
			);
			inputPaths = (
				"${PODS_PODFILE_DIR_PATH}/Podfile.lock",
				"${PODS_ROOT}/Manifest.lock",
			);
			name = "[CP] Check Pods Manifest.lock";
			outputFileListPaths = (
			);
			outputPaths = (
				"$(DERIVED_FILE_DIR)/Pods-Retirment-RetirmentUITests-checkManifestLockResult.txt",
			);
			runOnlyForDeploymentPostprocessing = 0;
			shellPath = /bin/sh;
			shellScript = "diff \"${PODS_PODFILE_DIR_PATH}/Podfile.lock\" \"${PODS_ROOT}/Manifest.lock\" > /dev/null\nif [ $? != 0 ] ; then\n    # print error to STDERR\n    echo \"error: The sandbox is not in sync with the Podfile.lock. Run 'pod install' or update your CocoaPods installation.\" >&2\n    exit 1\nfi\n# This output is used by Xcode 'outputs' to avoid re-running this script phase.\necho \"SUCCESS\" > \"${SCRIPT_OUTPUT_FILE_0}\"\n";
			showEnvVarsInLog = 0;
		};
		B3D37B47317ED6410202495B /* [CP] Check Pods Manifest.lock */ = {
			isa = PBXShellScriptBuildPhase;
			buildActionMask = 2147483647;
			files = (
			);
			inputFileListPaths = (
			);
			inputPaths = (
				"${PODS_PODFILE_DIR_PATH}/Podfile.lock",
				"${PODS_ROOT}/Manifest.lock",
			);
			name = "[CP] Check Pods Manifest.lock";
			outputFileListPaths = (
			);
			outputPaths = (
				"$(DERIVED_FILE_DIR)/Pods-Retirment-checkManifestLockResult.txt",
			);
			runOnlyForDeploymentPostprocessing = 0;
			shellPath = /bin/sh;
			shellScript = "diff \"${PODS_PODFILE_DIR_PATH}/Podfile.lock\" \"${PODS_ROOT}/Manifest.lock\" > /dev/null\nif [ $? != 0 ] ; then\n    # print error to STDERR\n    echo \"error: The sandbox is not in sync with the Podfile.lock. Run 'pod install' or update your CocoaPods installation.\" >&2\n    exit 1\nfi\n# This output is used by Xcode 'outputs' to avoid re-running this script phase.\necho \"SUCCESS\" > \"${SCRIPT_OUTPUT_FILE_0}\"\n";
			showEnvVarsInLog = 0;
		};
		F9E618AF11A4F3FE3C56FD33 /* [CP] Check Pods Manifest.lock */ = {
			isa = PBXShellScriptBuildPhase;
			buildActionMask = 2147483647;
			files = (
			);
			inputFileListPaths = (
			);
			inputPaths = (
				"${PODS_PODFILE_DIR_PATH}/Podfile.lock",
				"${PODS_ROOT}/Manifest.lock",
			);
			name = "[CP] Check Pods Manifest.lock";
			outputFileListPaths = (
			);
			outputPaths = (
				"$(DERIVED_FILE_DIR)/Pods-RetirmentTests-checkManifestLockResult.txt",
			);
			runOnlyForDeploymentPostprocessing = 0;
			shellPath = /bin/sh;
			shellScript = "diff \"${PODS_PODFILE_DIR_PATH}/Podfile.lock\" \"${PODS_ROOT}/Manifest.lock\" > /dev/null\nif [ $? != 0 ] ; then\n    # print error to STDERR\n    echo \"error: The sandbox is not in sync with the Podfile.lock. Run 'pod install' or update your CocoaPods installation.\" >&2\n    exit 1\nfi\n# This output is used by Xcode 'outputs' to avoid re-running this script phase.\necho \"SUCCESS\" > \"${SCRIPT_OUTPUT_FILE_0}\"\n";
			showEnvVarsInLog = 0;
		};
/* End PBXShellScriptBuildPhase section */

/* Begin PBXSourcesBuildPhase section */
		56DA7AF02AEB358700E94F50 /* Sources */ = {
			isa = PBXSourcesBuildPhase;
			buildActionMask = 2147483647;
			files = (
				56DA7B222AEB3DDD00E94F50 /* AppDelegate.swift in Sources */,
				56DA7AFA2AEB358700E94F50 /* ContentView.swift in Sources */,
				56DA7AF82AEB358700E94F50 /* RetirmentApp.swift in Sources */,
			);
			runOnlyForDeploymentPostprocessing = 0;
		};
		56DA7B002AEB358800E94F50 /* Sources */ = {
			isa = PBXSourcesBuildPhase;
			buildActionMask = 2147483647;
			files = (
				56DA7B092AEB358800E94F50 /* RetirmentTests.swift in Sources */,
			);
			runOnlyForDeploymentPostprocessing = 0;
		};
		56DA7B0A2AEB358800E94F50 /* Sources */ = {
			isa = PBXSourcesBuildPhase;
			buildActionMask = 2147483647;
			files = (
				56DA7B132AEB358800E94F50 /* RetirmentUITests.swift in Sources */,
				56DA7B152AEB358800E94F50 /* RetirmentUITestsLaunchTests.swift in Sources */,
			);
			runOnlyForDeploymentPostprocessing = 0;
		};
/* End PBXSourcesBuildPhase section */

/* Begin PBXTargetDependency section */
		56DA7B062AEB358800E94F50 /* PBXTargetDependency */ = {
			isa = PBXTargetDependency;
			target = 56DA7AF32AEB358700E94F50 /* Retirment */;
			targetProxy = 56DA7B052AEB358800E94F50 /* PBXContainerItemProxy */;
		};
		56DA7B102AEB358800E94F50 /* PBXTargetDependency */ = {
			isa = PBXTargetDependency;
			target = 56DA7AF32AEB358700E94F50 /* Retirment */;
			targetProxy = 56DA7B0F2AEB358800E94F50 /* PBXContainerItemProxy */;
		};
/* End PBXTargetDependency section */

/* Begin XCBuildConfiguration section */
		56DA7B162AEB358800E94F50 /* Debug */ = {
			isa = XCBuildConfiguration;
			buildSettings = {
				ALWAYS_SEARCH_USER_PATHS = NO;
				ASSETCATALOG_COMPILER_GENERATE_SWIFT_ASSET_SYMBOL_EXTENSIONS = YES;
				CLANG_ANALYZER_NONNULL = YES;
				CLANG_ANALYZER_NUMBER_OBJECT_CONVERSION = YES_AGGRESSIVE;
				CLANG_CXX_LANGUAGE_STANDARD = "gnu++20";
				CLANG_ENABLE_MODULES = YES;
				CLANG_ENABLE_OBJC_ARC = YES;
				CLANG_ENABLE_OBJC_WEAK = YES;
				CLANG_WARN_BLOCK_CAPTURE_AUTORELEASING = YES;
				CLANG_WARN_BOOL_CONVERSION = YES;
				CLANG_WARN_COMMA = YES;
				CLANG_WARN_CONSTANT_CONVERSION = YES;
				CLANG_WARN_DEPRECATED_OBJC_IMPLEMENTATIONS = YES;
				CLANG_WARN_DIRECT_OBJC_ISA_USAGE = YES_ERROR;
				CLANG_WARN_DOCUMENTATION_COMMENTS = YES;
				CLANG_WARN_EMPTY_BODY = YES;
				CLANG_WARN_ENUM_CONVERSION = YES;
				CLANG_WARN_INFINITE_RECURSION = YES;
				CLANG_WARN_INT_CONVERSION = YES;
				CLANG_WARN_NON_LITERAL_NULL_CONVERSION = YES;
				CLANG_WARN_OBJC_IMPLICIT_RETAIN_SELF = YES;
				CLANG_WARN_OBJC_LITERAL_CONVERSION = YES;
				CLANG_WARN_OBJC_ROOT_CLASS = YES_ERROR;
				CLANG_WARN_QUOTED_INCLUDE_IN_FRAMEWORK_HEADER = YES;
				CLANG_WARN_RANGE_LOOP_ANALYSIS = YES;
				CLANG_WARN_STRICT_PROTOTYPES = YES;
				CLANG_WARN_SUSPICIOUS_MOVE = YES;
				CLANG_WARN_UNGUARDED_AVAILABILITY = YES_AGGRESSIVE;
				CLANG_WARN_UNREACHABLE_CODE = YES;
				CLANG_WARN__DUPLICATE_METHOD_MATCH = YES;
				COPY_PHASE_STRIP = NO;
				DEBUG_INFORMATION_FORMAT = dwarf;
				ENABLE_STRICT_OBJC_MSGSEND = YES;
				ENABLE_TESTABILITY = YES;
				ENABLE_USER_SCRIPT_SANDBOXING = YES;
				GCC_C_LANGUAGE_STANDARD = gnu17;
				GCC_DYNAMIC_NO_PIC = NO;
				GCC_NO_COMMON_BLOCKS = YES;
				GCC_OPTIMIZATION_LEVEL = 0;
				GCC_PREPROCESSOR_DEFINITIONS = (
					"DEBUG=1",
					"$(inherited)",
				);
				GCC_WARN_64_TO_32_BIT_CONVERSION = YES;
				GCC_WARN_ABOUT_RETURN_TYPE = YES_ERROR;
				GCC_WARN_UNDECLARED_SELECTOR = YES;
				GCC_WARN_UNINITIALIZED_AUTOS = YES_AGGRESSIVE;
				GCC_WARN_UNUSED_FUNCTION = YES;
				GCC_WARN_UNUSED_VARIABLE = YES;
				IPHONEOS_DEPLOYMENT_TARGET = 17.0;
				LOCALIZATION_PREFERS_STRING_CATALOGS = YES;
				MTL_ENABLE_DEBUG_INFO = INCLUDE_SOURCE;
				MTL_FAST_MATH = YES;
				ONLY_ACTIVE_ARCH = YES;
				PRODUCT_NAME = Retirement;
				SDKROOT = iphoneos;
				SWIFT_ACTIVE_COMPILATION_CONDITIONS = "DEBUG $(inherited)";
				SWIFT_OPTIMIZATION_LEVEL = "-Onone";
			};
			name = Debug;
		};
		56DA7B172AEB358800E94F50 /* Release */ = {
			isa = XCBuildConfiguration;
			buildSettings = {
				ALWAYS_SEARCH_USER_PATHS = NO;
				ASSETCATALOG_COMPILER_GENERATE_SWIFT_ASSET_SYMBOL_EXTENSIONS = YES;
				CLANG_ANALYZER_NONNULL = YES;
				CLANG_ANALYZER_NUMBER_OBJECT_CONVERSION = YES_AGGRESSIVE;
				CLANG_CXX_LANGUAGE_STANDARD = "gnu++20";
				CLANG_ENABLE_MODULES = YES;
				CLANG_ENABLE_OBJC_ARC = YES;
				CLANG_ENABLE_OBJC_WEAK = YES;
				CLANG_WARN_BLOCK_CAPTURE_AUTORELEASING = YES;
				CLANG_WARN_BOOL_CONVERSION = YES;
				CLANG_WARN_COMMA = YES;
				CLANG_WARN_CONSTANT_CONVERSION = YES;
				CLANG_WARN_DEPRECATED_OBJC_IMPLEMENTATIONS = YES;
				CLANG_WARN_DIRECT_OBJC_ISA_USAGE = YES_ERROR;
				CLANG_WARN_DOCUMENTATION_COMMENTS = YES;
				CLANG_WARN_EMPTY_BODY = YES;
				CLANG_WARN_ENUM_CONVERSION = YES;
				CLANG_WARN_INFINITE_RECURSION = YES;
				CLANG_WARN_INT_CONVERSION = YES;
				CLANG_WARN_NON_LITERAL_NULL_CONVERSION = YES;
				CLANG_WARN_OBJC_IMPLICIT_RETAIN_SELF = YES;
				CLANG_WARN_OBJC_LITERAL_CONVERSION = YES;
				CLANG_WARN_OBJC_ROOT_CLASS = YES_ERROR;
				CLANG_WARN_QUOTED_INCLUDE_IN_FRAMEWORK_HEADER = YES;
				CLANG_WARN_RANGE_LOOP_ANALYSIS = YES;
				CLANG_WARN_STRICT_PROTOTYPES = YES;
				CLANG_WARN_SUSPICIOUS_MOVE = YES;
				CLANG_WARN_UNGUARDED_AVAILABILITY = YES_AGGRESSIVE;
				CLANG_WARN_UNREACHABLE_CODE = YES;
				CLANG_WARN__DUPLICATE_METHOD_MATCH = YES;
				COPY_PHASE_STRIP = NO;
				DEBUG_INFORMATION_FORMAT = "dwarf-with-dsym";
				ENABLE_NS_ASSERTIONS = NO;
				ENABLE_STRICT_OBJC_MSGSEND = YES;
				ENABLE_USER_SCRIPT_SANDBOXING = YES;
				GCC_C_LANGUAGE_STANDARD = gnu17;
				GCC_NO_COMMON_BLOCKS = YES;
				GCC_WARN_64_TO_32_BIT_CONVERSION = YES;
				GCC_WARN_ABOUT_RETURN_TYPE = YES_ERROR;
				GCC_WARN_UNDECLARED_SELECTOR = YES;
				GCC_WARN_UNINITIALIZED_AUTOS = YES_AGGRESSIVE;
				GCC_WARN_UNUSED_FUNCTION = YES;
				GCC_WARN_UNUSED_VARIABLE = YES;
				IPHONEOS_DEPLOYMENT_TARGET = 17.0;
				LOCALIZATION_PREFERS_STRING_CATALOGS = YES;
				MTL_ENABLE_DEBUG_INFO = NO;
				MTL_FAST_MATH = YES;
				PRODUCT_NAME = Retirement;
				SDKROOT = iphoneos;
				SWIFT_COMPILATION_MODE = wholemodule;
				VALIDATE_PRODUCT = YES;
			};
			name = Release;
		};
		56DA7B192AEB358800E94F50 /* Debug */ = {
			isa = XCBuildConfiguration;
			baseConfigurationReference = 271ED542663B24E61BBE8A16 /* Pods-Retirment.debug.xcconfig */;
			buildSettings = {
				ASSETCATALOG_COMPILER_APPICON_NAME = AppIcon;
				ASSETCATALOG_COMPILER_GLOBAL_ACCENT_COLOR_NAME = AccentColor;
				CODE_SIGN_STYLE = Automatic;
				CURRENT_PROJECT_VERSION = 1;
				DEVELOPMENT_ASSET_PATHS = "\"Retirment/Preview Content\"";
				DEVELOPMENT_TEAM = 54DYFZH8JZ;
				ENABLE_PREVIEWS = YES;
				GENERATE_INFOPLIST_FILE = YES;
				INFOPLIST_KEY_UIApplicationSceneManifest_Generation = YES;
				INFOPLIST_KEY_UIApplicationSupportsIndirectInputEvents = YES;
				INFOPLIST_KEY_UILaunchScreen_Generation = YES;
				INFOPLIST_KEY_UISupportedInterfaceOrientations_iPad = "UIInterfaceOrientationPortrait UIInterfaceOrientationPortraitUpsideDown UIInterfaceOrientationLandscapeLeft UIInterfaceOrientationLandscapeRight";
				INFOPLIST_KEY_UISupportedInterfaceOrientations_iPhone = "UIInterfaceOrientationPortrait UIInterfaceOrientationLandscapeLeft UIInterfaceOrientationLandscapeRight";
				LD_RUNPATH_SEARCH_PATHS = (
					"$(inherited)",
					"@executable_path/Frameworks",
				);
				MARKETING_VERSION = 1.0;
				PRODUCT_BUNDLE_IDENTIFIER = com.ico.Retirment;
				PRODUCT_NAME = "$(TARGET_NAME)";
				SWIFT_EMIT_LOC_STRINGS = YES;
				SWIFT_VERSION = 5.0;
				TARGETED_DEVICE_FAMILY = "1,2";
			};
			name = Debug;
		};
		56DA7B1A2AEB358800E94F50 /* Release */ = {
			isa = XCBuildConfiguration;
			baseConfigurationReference = F80FB27E9EB42C1EAC6741BD /* Pods-Retirment.release.xcconfig */;
			buildSettings = {
				ASSETCATALOG_COMPILER_APPICON_NAME = AppIcon;
				ASSETCATALOG_COMPILER_GLOBAL_ACCENT_COLOR_NAME = AccentColor;
				CODE_SIGN_STYLE = Automatic;
				CURRENT_PROJECT_VERSION = 1;
				DEVELOPMENT_ASSET_PATHS = "\"Retirment/Preview Content\"";
				DEVELOPMENT_TEAM = 54DYFZH8JZ;
				ENABLE_PREVIEWS = YES;
				GENERATE_INFOPLIST_FILE = YES;
				INFOPLIST_KEY_UIApplicationSceneManifest_Generation = YES;
				INFOPLIST_KEY_UIApplicationSupportsIndirectInputEvents = YES;
				INFOPLIST_KEY_UILaunchScreen_Generation = YES;
				INFOPLIST_KEY_UISupportedInterfaceOrientations_iPad = "UIInterfaceOrientationPortrait UIInterfaceOrientationPortraitUpsideDown UIInterfaceOrientationLandscapeLeft UIInterfaceOrientationLandscapeRight";
				INFOPLIST_KEY_UISupportedInterfaceOrientations_iPhone = "UIInterfaceOrientationPortrait UIInterfaceOrientationLandscapeLeft UIInterfaceOrientationLandscapeRight";
				LD_RUNPATH_SEARCH_PATHS = (
					"$(inherited)",
					"@executable_path/Frameworks",
				);
				MARKETING_VERSION = 1.0;
				PRODUCT_BUNDLE_IDENTIFIER = com.ico.Retirment;
				PRODUCT_NAME = "$(TARGET_NAME)";
				SWIFT_EMIT_LOC_STRINGS = YES;
				SWIFT_VERSION = 5.0;
				TARGETED_DEVICE_FAMILY = "1,2";
			};
			name = Release;
		};
		56DA7B1C2AEB358800E94F50 /* Debug */ = {
			isa = XCBuildConfiguration;
			baseConfigurationReference = 4F808C3610FB590432CA153C /* Pods-RetirmentTests.debug.xcconfig */;
			buildSettings = {
				ALWAYS_EMBED_SWIFT_STANDARD_LIBRARIES = YES;
				BUNDLE_LOADER = "$(TEST_HOST)";
				CODE_SIGN_STYLE = Automatic;
				CURRENT_PROJECT_VERSION = 1;
				DEVELOPMENT_TEAM = 54DYFZH8JZ;
				GENERATE_INFOPLIST_FILE = YES;
				IPHONEOS_DEPLOYMENT_TARGET = 17.0;
				MARKETING_VERSION = 1.0;
				PRODUCT_BUNDLE_IDENTIFIER = com.ico.RetirmentTests;
				PRODUCT_NAME = "$(TARGET_NAME)";
				SWIFT_EMIT_LOC_STRINGS = NO;
				SWIFT_VERSION = 5.0;
				TARGETED_DEVICE_FAMILY = "1,2";
				TEST_HOST = "$(BUILT_PRODUCTS_DIR)/Retirment.app/$(BUNDLE_EXECUTABLE_FOLDER_PATH)/Retirment";
			};
			name = Debug;
		};
		56DA7B1D2AEB358800E94F50 /* Release */ = {
			isa = XCBuildConfiguration;
			baseConfigurationReference = B9B4FBFBFA8B004E8730BBF0 /* Pods-RetirmentTests.release.xcconfig */;
			buildSettings = {
				ALWAYS_EMBED_SWIFT_STANDARD_LIBRARIES = YES;
				BUNDLE_LOADER = "$(TEST_HOST)";
				CODE_SIGN_STYLE = Automatic;
				CURRENT_PROJECT_VERSION = 1;
				DEVELOPMENT_TEAM = 54DYFZH8JZ;
				GENERATE_INFOPLIST_FILE = YES;
				IPHONEOS_DEPLOYMENT_TARGET = 17.0;
				MARKETING_VERSION = 1.0;
				PRODUCT_BUNDLE_IDENTIFIER = com.ico.RetirmentTests;
				PRODUCT_NAME = "$(TARGET_NAME)";
				SWIFT_EMIT_LOC_STRINGS = NO;
				SWIFT_VERSION = 5.0;
				TARGETED_DEVICE_FAMILY = "1,2";
				TEST_HOST = "$(BUILT_PRODUCTS_DIR)/Retirment.app/$(BUNDLE_EXECUTABLE_FOLDER_PATH)/Retirment";
			};
			name = Release;
		};
		56DA7B1F2AEB358800E94F50 /* Debug */ = {
			isa = XCBuildConfiguration;
			baseConfigurationReference = DFB2819FC9DBCE72F4658FD8 /* Pods-Retirment-RetirmentUITests.debug.xcconfig */;
			buildSettings = {
				ALWAYS_EMBED_SWIFT_STANDARD_LIBRARIES = YES;
				CODE_SIGN_STYLE = Automatic;
				CURRENT_PROJECT_VERSION = 1;
				DEVELOPMENT_TEAM = 54DYFZH8JZ;
				GENERATE_INFOPLIST_FILE = YES;
				MARKETING_VERSION = 1.0;
				PRODUCT_BUNDLE_IDENTIFIER = com.ico.RetirmentUITests;
				PRODUCT_NAME = "$(TARGET_NAME)";
				SWIFT_EMIT_LOC_STRINGS = NO;
				SWIFT_VERSION = 5.0;
				TARGETED_DEVICE_FAMILY = "1,2";
				TEST_TARGET_NAME = Retirment;
			};
			name = Debug;
		};
		56DA7B202AEB358800E94F50 /* Release */ = {
			isa = XCBuildConfiguration;
			baseConfigurationReference = 6C88570E49A7C67C1C95ABE8 /* Pods-Retirment-RetirmentUITests.release.xcconfig */;
			buildSettings = {
				ALWAYS_EMBED_SWIFT_STANDARD_LIBRARIES = YES;
				CODE_SIGN_STYLE = Automatic;
				CURRENT_PROJECT_VERSION = 1;
				DEVELOPMENT_TEAM = 54DYFZH8JZ;
				GENERATE_INFOPLIST_FILE = YES;
				MARKETING_VERSION = 1.0;
				PRODUCT_BUNDLE_IDENTIFIER = com.ico.RetirmentUITests;
				PRODUCT_NAME = "$(TARGET_NAME)";
				SWIFT_EMIT_LOC_STRINGS = NO;
				SWIFT_VERSION = 5.0;
				TARGETED_DEVICE_FAMILY = "1,2";
				TEST_TARGET_NAME = Retirment;
			};
			name = Release;
		};
/* End XCBuildConfiguration section */

/* Begin XCConfigurationList section */
		56DA7AEF2AEB358700E94F50 /* Build configuration list for PBXProject "Retirment" */ = {
			isa = XCConfigurationList;
			buildConfigurations = (
				56DA7B162AEB358800E94F50 /* Debug */,
				56DA7B172AEB358800E94F50 /* Release */,
			);
			defaultConfigurationIsVisible = 0;
			defaultConfigurationName = Release;
		};
		56DA7B182AEB358800E94F50 /* Build configuration list for PBXNativeTarget "Retirment" */ = {
			isa = XCConfigurationList;
			buildConfigurations = (
				56DA7B192AEB358800E94F50 /* Debug */,
				56DA7B1A2AEB358800E94F50 /* Release */,
			);
			defaultConfigurationIsVisible = 0;
			defaultConfigurationName = Release;
		};
		56DA7B1B2AEB358800E94F50 /* Build configuration list for PBXNativeTarget "RetirmentTests" */ = {
			isa = XCConfigurationList;
			buildConfigurations = (
				56DA7B1C2AEB358800E94F50 /* Debug */,
				56DA7B1D2AEB358800E94F50 /* Release */,
			);
			defaultConfigurationIsVisible = 0;
			defaultConfigurationName = Release;
		};
		56DA7B1E2AEB358800E94F50 /* Build configuration list for PBXNativeTarget "RetirmentUITests" */ = {
			isa = XCConfigurationList;
			buildConfigurations = (
				56DA7B1F2AEB358800E94F50 /* Debug */,
				56DA7B202AEB358800E94F50 /* Release */,
			);
			defaultConfigurationIsVisible = 0;
			defaultConfigurationName = Release;
		};
/* End XCConfigurationList section */
	};
	rootObject = 56DA7AEC2AEB358700E94F50 /* Project object */;
}
